// !$*UTF8*$!
{
	archiveVersion = 1;
	classes = {
	};
	objectVersion = 50;
	objects = {

/* Begin PBXBuildFile section */
		CA3C391C23837ECA00F4CDE5 /* NavigationViewController.swift in Sources */ = {isa = PBXBuildFile; fileRef = CA3C391B23837ECA00F4CDE5 /* NavigationViewController.swift */; };
		CA3C391F23837F5000F4CDE5 /* CoreDataManager.swift in Sources */ = {isa = PBXBuildFile; fileRef = CA3C391E23837F5000F4CDE5 /* CoreDataManager.swift */; };
		CA3C392323843F3700F4CDE5 /* Navigation.storyboard in Resources */ = {isa = PBXBuildFile; fileRef = CA3C392223843F3700F4CDE5 /* Navigation.storyboard */; };
		CA3C39272384411C00F4CDE5 /* NewQuestion.storyboard in Resources */ = {isa = PBXBuildFile; fileRef = CA3C39262384411C00F4CDE5 /* NewQuestion.storyboard */; };
		CA3C39292384418D00F4CDE5 /* Settings.storyboard in Resources */ = {isa = PBXBuildFile; fileRef = CA3C39282384418D00F4CDE5 /* Settings.storyboard */; };
		CA3C392B2384425100F4CDE5 /* Principal.storyboard in Resources */ = {isa = PBXBuildFile; fileRef = CA3C392A2384425100F4CDE5 /* Principal.storyboard */; };
		CA3C393023844DC600F4CDE5 /* DesignableView.swift in Sources */ = {isa = PBXBuildFile; fileRef = CA3C392F23844DC600F4CDE5 /* DesignableView.swift */; };
		CA3C39362384AF6200F4CDE5 /* GenderViewController.swift in Sources */ = {isa = PBXBuildFile; fileRef = CA3C39352384AF6200F4CDE5 /* GenderViewController.swift */; };
		CA3C393A2384B4D300F4CDE5 /* InputError.swift in Sources */ = {isa = PBXBuildFile; fileRef = CA3C39392384B4D300F4CDE5 /* InputError.swift */; };
		CA3C393E2384C97200F4CDE5 /* UIViewController.swift in Sources */ = {isa = PBXBuildFile; fileRef = CA3C393D2384C97200F4CDE5 /* UIViewController.swift */; };
		CA3C39402384D31E00F4CDE5 /* GenderDelegate.swift in Sources */ = {isa = PBXBuildFile; fileRef = CA3C393F2384D31E00F4CDE5 /* GenderDelegate.swift */; };
		CA526D7A2368E43D003E396D /* MyAnswersViewController.swift in Sources */ = {isa = PBXBuildFile; fileRef = CA526D792368E43D003E396D /* MyAnswersViewController.swift */; };
		CA526D7C2368E619003E396D /* NewQuestionViewController.swift in Sources */ = {isa = PBXBuildFile; fileRef = CA526D7B2368E619003E396D /* NewQuestionViewController.swift */; };
		CA526D7E2368E935003E396D /* MyAccountViewController.swift in Sources */ = {isa = PBXBuildFile; fileRef = CA526D7D2368E935003E396D /* MyAccountViewController.swift */; };
		CA526D812368EC5F003E396D /* UserViewController.swift in Sources */ = {isa = PBXBuildFile; fileRef = CA526D802368EC5F003E396D /* UserViewController.swift */; };
		CA526D832368EE1D003E396D /* NotificationsViewController.swift in Sources */ = {isa = PBXBuildFile; fileRef = CA526D822368EE1D003E396D /* NotificationsViewController.swift */; };
		CA526D852368EFB6003E396D /* HelpViewController.swift in Sources */ = {isa = PBXBuildFile; fileRef = CA526D842368EFB6003E396D /* HelpViewController.swift */; };
		CAA9B0552368C61000B6016C /* AppDelegate.swift in Sources */ = {isa = PBXBuildFile; fileRef = CAA9B0542368C61000B6016C /* AppDelegate.swift */; };
		CAA9B0572368C61000B6016C /* LoginViewController.swift in Sources */ = {isa = PBXBuildFile; fileRef = CAA9B0562368C61000B6016C /* LoginViewController.swift */; };
		CAA9B05A2368C61000B6016C /* Main.storyboard in Resources */ = {isa = PBXBuildFile; fileRef = CAA9B0582368C61000B6016C /* Main.storyboard */; };
		CAA9B05D2368C61000B6016C /* you_say.xcdatamodeld in Sources */ = {isa = PBXBuildFile; fileRef = CAA9B05B2368C61000B6016C /* you_say.xcdatamodeld */; };
		CAA9B05F2368C61100B6016C /* Assets.xcassets in Resources */ = {isa = PBXBuildFile; fileRef = CAA9B05E2368C61100B6016C /* Assets.xcassets */; };
		CAA9B0622368C61100B6016C /* LaunchScreen.storyboard in Resources */ = {isa = PBXBuildFile; fileRef = CAA9B0602368C61100B6016C /* LaunchScreen.storyboard */; };
		CAA9B06B2368C86500B6016C /* NewUserViewController.swift in Sources */ = {isa = PBXBuildFile; fileRef = CAA9B06A2368C86500B6016C /* NewUserViewController.swift */; };
		CAA9B06D2368CFDB00B6016C /* GeneralViewController.swift in Sources */ = {isa = PBXBuildFile; fileRef = CAA9B06C2368CFDB00B6016C /* GeneralViewController.swift */; };
		CAA9B0702368D2A700B6016C /* FiltersViewController.swift in Sources */ = {isa = PBXBuildFile; fileRef = CAA9B06F2368D2A700B6016C /* FiltersViewController.swift */; };
		CAA9B0722368D4CF00B6016C /* MyQuestionsViewController.swift in Sources */ = {isa = PBXBuildFile; fileRef = CAA9B0712368D4CF00B6016C /* MyQuestionsViewController.swift */; };
/* End PBXBuildFile section */

/* Begin PBXFileReference section */
		CA3C391B23837ECA00F4CDE5 /* NavigationViewController.swift */ = {isa = PBXFileReference; lastKnownFileType = sourcecode.swift; path = NavigationViewController.swift; sourceTree = "<group>"; };
		CA3C391E23837F5000F4CDE5 /* CoreDataManager.swift */ = {isa = PBXFileReference; lastKnownFileType = sourcecode.swift; path = CoreDataManager.swift; sourceTree = "<group>"; };
		CA3C392223843F3700F4CDE5 /* Navigation.storyboard */ = {isa = PBXFileReference; lastKnownFileType = file.storyboard; path = Navigation.storyboard; sourceTree = "<group>"; };
		CA3C39262384411C00F4CDE5 /* NewQuestion.storyboard */ = {isa = PBXFileReference; lastKnownFileType = file.storyboard; path = NewQuestion.storyboard; sourceTree = "<group>"; };
		CA3C39282384418D00F4CDE5 /* Settings.storyboard */ = {isa = PBXFileReference; lastKnownFileType = file.storyboard; path = Settings.storyboard; sourceTree = "<group>"; };
		CA3C392A2384425100F4CDE5 /* Principal.storyboard */ = {isa = PBXFileReference; lastKnownFileType = file.storyboard; path = Principal.storyboard; sourceTree = "<group>"; };
		CA3C392F23844DC600F4CDE5 /* DesignableView.swift */ = {isa = PBXFileReference; lastKnownFileType = sourcecode.swift; path = DesignableView.swift; sourceTree = "<group>"; };
		CA3C39352384AF6200F4CDE5 /* GenderViewController.swift */ = {isa = PBXFileReference; lastKnownFileType = sourcecode.swift; path = GenderViewController.swift; sourceTree = "<group>"; };
		CA3C39392384B4D300F4CDE5 /* InputError.swift */ = {isa = PBXFileReference; fileEncoding = 4; lastKnownFileType = sourcecode.swift; path = InputError.swift; sourceTree = "<group>"; };
		CA3C393D2384C97200F4CDE5 /* UIViewController.swift */ = {isa = PBXFileReference; lastKnownFileType = sourcecode.swift; path = UIViewController.swift; sourceTree = "<group>"; };
		CA3C393F2384D31E00F4CDE5 /* GenderDelegate.swift */ = {isa = PBXFileReference; lastKnownFileType = sourcecode.swift; path = GenderDelegate.swift; sourceTree = "<group>"; };
		CA526D792368E43D003E396D /* MyAnswersViewController.swift */ = {isa = PBXFileReference; lastKnownFileType = sourcecode.swift; path = MyAnswersViewController.swift; sourceTree = "<group>"; };
		CA526D7B2368E619003E396D /* NewQuestionViewController.swift */ = {isa = PBXFileReference; lastKnownFileType = sourcecode.swift; path = NewQuestionViewController.swift; sourceTree = "<group>"; };
		CA526D7D2368E935003E396D /* MyAccountViewController.swift */ = {isa = PBXFileReference; lastKnownFileType = sourcecode.swift; path = MyAccountViewController.swift; sourceTree = "<group>"; };
		CA526D802368EC5F003E396D /* UserViewController.swift */ = {isa = PBXFileReference; lastKnownFileType = sourcecode.swift; path = UserViewController.swift; sourceTree = "<group>"; };
		CA526D822368EE1D003E396D /* NotificationsViewController.swift */ = {isa = PBXFileReference; lastKnownFileType = sourcecode.swift; path = NotificationsViewController.swift; sourceTree = "<group>"; };
		CA526D842368EFB6003E396D /* HelpViewController.swift */ = {isa = PBXFileReference; lastKnownFileType = sourcecode.swift; path = HelpViewController.swift; sourceTree = "<group>"; };
		CAA9B0512368C61000B6016C /* you-say!.app */ = {isa = PBXFileReference; explicitFileType = wrapper.application; includeInIndex = 0; path = "you-say!.app"; sourceTree = BUILT_PRODUCTS_DIR; };
		CAA9B0542368C61000B6016C /* AppDelegate.swift */ = {isa = PBXFileReference; lastKnownFileType = sourcecode.swift; path = AppDelegate.swift; sourceTree = "<group>"; };
		CAA9B0562368C61000B6016C /* LoginViewController.swift */ = {isa = PBXFileReference; lastKnownFileType = sourcecode.swift; path = LoginViewController.swift; sourceTree = "<group>"; };
		CAA9B0592368C61000B6016C /* Base */ = {isa = PBXFileReference; lastKnownFileType = file.storyboard; name = Base; path = Base.lproj/Main.storyboard; sourceTree = "<group>"; };
		CAA9B05C2368C61000B6016C /* you_say_.xcdatamodel */ = {isa = PBXFileReference; lastKnownFileType = wrapper.xcdatamodel; path = you_say_.xcdatamodel; sourceTree = "<group>"; };
		CAA9B05E2368C61100B6016C /* Assets.xcassets */ = {isa = PBXFileReference; lastKnownFileType = folder.assetcatalog; path = Assets.xcassets; sourceTree = "<group>"; };
		CAA9B0612368C61100B6016C /* Base */ = {isa = PBXFileReference; lastKnownFileType = file.storyboard; name = Base; path = Base.lproj/LaunchScreen.storyboard; sourceTree = "<group>"; };
		CAA9B0632368C61100B6016C /* Info.plist */ = {isa = PBXFileReference; lastKnownFileType = text.plist.xml; path = Info.plist; sourceTree = "<group>"; };
		CAA9B06A2368C86500B6016C /* NewUserViewController.swift */ = {isa = PBXFileReference; lastKnownFileType = sourcecode.swift; path = NewUserViewController.swift; sourceTree = "<group>"; };
		CAA9B06C2368CFDB00B6016C /* GeneralViewController.swift */ = {isa = PBXFileReference; lastKnownFileType = sourcecode.swift; path = GeneralViewController.swift; sourceTree = "<group>"; };
		CAA9B06F2368D2A700B6016C /* FiltersViewController.swift */ = {isa = PBXFileReference; lastKnownFileType = sourcecode.swift; path = FiltersViewController.swift; sourceTree = "<group>"; };
		CAA9B0712368D4CF00B6016C /* MyQuestionsViewController.swift */ = {isa = PBXFileReference; lastKnownFileType = sourcecode.swift; path = MyQuestionsViewController.swift; sourceTree = "<group>"; };
/* End PBXFileReference section */

/* Begin PBXFrameworksBuildPhase section */
		CAA9B04E2368C61000B6016C /* Frameworks */ = {
			isa = PBXFrameworksBuildPhase;
			buildActionMask = 2147483647;
			files = (
			);
			runOnlyForDeploymentPostprocessing = 0;
		};
/* End PBXFrameworksBuildPhase section */

/* Begin PBXGroup section */
		CA3C391423837CAF00F4CDE5 /* View Controllers */ = {
			isa = PBXGroup;
			children = (
				CAA9B0692368C82200B6016C /* Main */,
				CA3C391823837DDC00F4CDE5 /* Navigation */,
				CAA9B06E2368CFE800B6016C /* Principal */,
				CA3C392C238443DF00F4CDE5 /* NewQuestion */,
				CA526D7F2368E946003E396D /* Settings */,
			);
			path = "View Controllers";
			sourceTree = "<group>";
		};
		CA3C391523837CF500F4CDE5 /* Storyboards */ = {
			isa = PBXGroup;
			children = (
				CAA9B0582368C61000B6016C /* Main.storyboard */,
				CA3C392223843F3700F4CDE5 /* Navigation.storyboard */,
				CA3C392A2384425100F4CDE5 /* Principal.storyboard */,
				CA3C39262384411C00F4CDE5 /* NewQuestion.storyboard */,
				CA3C39282384418D00F4CDE5 /* Settings.storyboard */,
				CAA9B0602368C61100B6016C /* LaunchScreen.storyboard */,
				CA3C392E23844D9E00F4CDE5 /* Design */,
			);
			path = Storyboards;
			sourceTree = "<group>";
		};
		CA3C391623837D1900F4CDE5 /* Aplication Delegate */ = {
			isa = PBXGroup;
			children = (
				CAA9B0542368C61000B6016C /* AppDelegate.swift */,
			);
			path = "Aplication Delegate";
			sourceTree = "<group>";
		};
		CA3C391723837D9700F4CDE5 /* Core Data */ = {
			isa = PBXGroup;
			children = (
				CAA9B05B2368C61000B6016C /* you_say.xcdatamodeld */,
				CA3C39312384515400F4CDE5 /* Extensions */,
			);
			path = "Core Data";
			sourceTree = "<group>";
		};
		CA3C391823837DDC00F4CDE5 /* Navigation */ = {
			isa = PBXGroup;
			children = (
				CA3C391B23837ECA00F4CDE5 /* NavigationViewController.swift */,
			);
			path = Navigation;
			sourceTree = "<group>";
		};
		CA3C391D23837F0700F4CDE5 /* Core Data Manager */ = {
			isa = PBXGroup;
			children = (
				CA3C391E23837F5000F4CDE5 /* CoreDataManager.swift */,
			);
			path = "Core Data Manager";
			sourceTree = "<group>";
		};
		CA3C39202384323800F4CDE5 /* Extensions */ = {
			isa = PBXGroup;
			children = (
				CA3C393D2384C97200F4CDE5 /* UIViewController.swift */,
			);
			path = Extensions;
			sourceTree = "<group>";
		};
		CA3C392123843E9900F4CDE5 /* Resources */ = {
			isa = PBXGroup;
			children = (
				CAA9B05E2368C61100B6016C /* Assets.xcassets */,
			);
			path = Resources;
			sourceTree = "<group>";
		};
		CA3C392C238443DF00F4CDE5 /* NewQuestion */ = {
			isa = PBXGroup;
			children = (
				CA526D7B2368E619003E396D /* NewQuestionViewController.swift */,
			);
			path = NewQuestion;
			sourceTree = "<group>";
		};
		CA3C392E23844D9E00F4CDE5 /* Design */ = {
			isa = PBXGroup;
			children = (
				CA3C392F23844DC600F4CDE5 /* DesignableView.swift */,
			);
			path = Design;
			sourceTree = "<group>";
		};
		CA3C39312384515400F4CDE5 /* Extensions */ = {
			isa = PBXGroup;
			children = (
			);
			path = Extensions;
			sourceTree = "<group>";
		};
		CA3C39322384AD4800F4CDE5 /* CreateAccount */ = {
			isa = PBXGroup;
			children = (
				CAA9B06A2368C86500B6016C /* NewUserViewController.swift */,
				CA3C39352384AF6200F4CDE5 /* GenderViewController.swift */,
			);
			path = CreateAccount;
			sourceTree = "<group>";
		};
		CA3C39372384B31F00F4CDE5 /* Delegates */ = {
			isa = PBXGroup;
			children = (
				CA3C393F2384D31E00F4CDE5 /* GenderDelegate.swift */,
			);
			path = Delegates;
			sourceTree = "<group>";
		};
		CA3C39382384B4A000F4CDE5 /* Errors */ = {
			isa = PBXGroup;
			children = (
				CA3C39392384B4D300F4CDE5 /* InputError.swift */,
			);
			path = Errors;
			sourceTree = "<group>";
		};
		CA526D772368E39E003E396D /* Filters */ = {
			isa = PBXGroup;
			children = (
				CAA9B06F2368D2A700B6016C /* FiltersViewController.swift */,
			);
			path = Filters;
			sourceTree = "<group>";
		};
		CA526D782368E3B6003E396D /* Responses */ = {
			isa = PBXGroup;
			children = (
				CAA9B0712368D4CF00B6016C /* MyQuestionsViewController.swift */,
				CA526D792368E43D003E396D /* MyAnswersViewController.swift */,
			);
			path = Responses;
			sourceTree = "<group>";
		};
		CA526D7F2368E946003E396D /* Settings */ = {
			isa = PBXGroup;
			children = (
				CA526D7D2368E935003E396D /* MyAccountViewController.swift */,
				CA526D822368EE1D003E396D /* NotificationsViewController.swift */,
				CA526D842368EFB6003E396D /* HelpViewController.swift */,
				CA526D802368EC5F003E396D /* UserViewController.swift */,
			);
			path = Settings;
			sourceTree = "<group>";
		};
		CAA9B0482368C61000B6016C = {
			isa = PBXGroup;
			children = (
				CAA9B0532368C61000B6016C /* you-say! */,
				CAA9B0522368C61000B6016C /* Products */,
			);
			sourceTree = "<group>";
		};
		CAA9B0522368C61000B6016C /* Products */ = {
			isa = PBXGroup;
			children = (
				CAA9B0512368C61000B6016C /* you-say!.app */,
			);
			name = Products;
			sourceTree = "<group>";
		};
		CAA9B0532368C61000B6016C /* you-say! */ = {
			isa = PBXGroup;
			children = (
				CAA9B0632368C61100B6016C /* Info.plist */,
				CA3C391623837D1900F4CDE5 /* Aplication Delegate */,
				CA3C392123843E9900F4CDE5 /* Resources */,
				CA3C391523837CF500F4CDE5 /* Storyboards */,
				CA3C391423837CAF00F4CDE5 /* View Controllers */,
				CA3C39382384B4A000F4CDE5 /* Errors */,
				CA3C39202384323800F4CDE5 /* Extensions */,
				CA3C391D23837F0700F4CDE5 /* Core Data Manager */,
				CA3C391723837D9700F4CDE5 /* Core Data */,
			);
			path = "you-say!";
			sourceTree = "<group>";
		};
		CAA9B0692368C82200B6016C /* Main */ = {
			isa = PBXGroup;
			children = (
				CAA9B0562368C61000B6016C /* LoginViewController.swift */,
				CA3C39322384AD4800F4CDE5 /* CreateAccount */,
				CA3C39372384B31F00F4CDE5 /* Delegates */,
			);
			path = Main;
			sourceTree = "<group>";
		};
		CAA9B06E2368CFE800B6016C /* Principal */ = {
			isa = PBXGroup;
			children = (
				CAA9B06C2368CFDB00B6016C /* GeneralViewController.swift */,
				CA526D772368E39E003E396D /* Filters */,
				CA526D782368E3B6003E396D /* Responses */,
			);
			path = Principal;
			sourceTree = "<group>";
		};
/* End PBXGroup section */

/* Begin PBXNativeTarget section */
		CAA9B0502368C61000B6016C /* you-say! */ = {
			isa = PBXNativeTarget;
			buildConfigurationList = CAA9B0662368C61100B6016C /* Build configuration list for PBXNativeTarget "you-say!" */;
			buildPhases = (
				CAA9B04D2368C61000B6016C /* Sources */,
				CAA9B04E2368C61000B6016C /* Frameworks */,
				CAA9B04F2368C61000B6016C /* Resources */,
			);
			buildRules = (
			);
			dependencies = (
			);
			name = "you-say!";
			productName = "you-say!";
			productReference = CAA9B0512368C61000B6016C /* you-say!.app */;
			productType = "com.apple.product-type.application";
		};
/* End PBXNativeTarget section */

/* Begin PBXProject section */
		CAA9B0492368C61000B6016C /* Project object */ = {
			isa = PBXProject;
			attributes = {
				LastSwiftUpdateCheck = 1030;
				LastUpgradeCheck = 1030;
				ORGANIZATIONNAME = "Josue Mosiah Contreras Rocha";
				TargetAttributes = {
					CAA9B0502368C61000B6016C = {
						CreatedOnToolsVersion = 10.3;
					};
				};
			};
			buildConfigurationList = CAA9B04C2368C61000B6016C /* Build configuration list for PBXProject "you-say!" */;
			compatibilityVersion = "Xcode 9.3";
			developmentRegion = en;
			hasScannedForEncodings = 0;
			knownRegions = (
				en,
				Base,
			);
			mainGroup = CAA9B0482368C61000B6016C;
			productRefGroup = CAA9B0522368C61000B6016C /* Products */;
			projectDirPath = "";
			projectRoot = "";
			targets = (
				CAA9B0502368C61000B6016C /* you-say! */,
			);
		};
/* End PBXProject section */

/* Begin PBXResourcesBuildPhase section */
		CAA9B04F2368C61000B6016C /* Resources */ = {
			isa = PBXResourcesBuildPhase;
			buildActionMask = 2147483647;
			files = (
				CAA9B0622368C61100B6016C /* LaunchScreen.storyboard in Resources */,
				CA3C392323843F3700F4CDE5 /* Navigation.storyboard in Resources */,
				CA3C39272384411C00F4CDE5 /* NewQuestion.storyboard in Resources */,
				CA3C392B2384425100F4CDE5 /* Principal.storyboard in Resources */,
				CA3C39292384418D00F4CDE5 /* Settings.storyboard in Resources */,
				CAA9B05F2368C61100B6016C /* Assets.xcassets in Resources */,
				CAA9B05A2368C61000B6016C /* Main.storyboard in Resources */,
			);
			runOnlyForDeploymentPostprocessing = 0;
		};
/* End PBXResourcesBuildPhase section */

/* Begin PBXSourcesBuildPhase section */
		CAA9B04D2368C61000B6016C /* Sources */ = {
			isa = PBXSourcesBuildPhase;
			buildActionMask = 2147483647;
			files = (
				CA526D7A2368E43D003E396D /* MyAnswersViewController.swift in Sources */,
				CA3C393A2384B4D300F4CDE5 /* InputError.swift in Sources */,
				CA526D7C2368E619003E396D /* NewQuestionViewController.swift in Sources */,
				CA3C393E2384C97200F4CDE5 /* UIViewController.swift in Sources */,
				CA526D7E2368E935003E396D /* MyAccountViewController.swift in Sources */,
				CA3C391F23837F5000F4CDE5 /* CoreDataManager.swift in Sources */,
				CA526D852368EFB6003E396D /* HelpViewController.swift in Sources */,
				CA3C39362384AF6200F4CDE5 /* GenderViewController.swift in Sources */,
				CA526D832368EE1D003E396D /* NotificationsViewController.swift in Sources */,
				CA526D812368EC5F003E396D /* UserViewController.swift in Sources */,
				CAA9B0702368D2A700B6016C /* FiltersViewController.swift in Sources */,
				CA3C393023844DC600F4CDE5 /* DesignableView.swift in Sources */,
				CAA9B0572368C61000B6016C /* LoginViewController.swift in Sources */,
				CAA9B0722368D4CF00B6016C /* MyQuestionsViewController.swift in Sources */,
				CAA9B05D2368C61000B6016C /* you_say.xcdatamodeld in Sources */,
				CAA9B06B2368C86500B6016C /* NewUserViewController.swift in Sources */,
				CAA9B0552368C61000B6016C /* AppDelegate.swift in Sources */,
				CA3C391C23837ECA00F4CDE5 /* NavigationViewController.swift in Sources */,
				CAA9B06D2368CFDB00B6016C /* GeneralViewController.swift in Sources */,
				CA3C39402384D31E00F4CDE5 /* GenderDelegate.swift in Sources */,
			);
			runOnlyForDeploymentPostprocessing = 0;
		};
/* End PBXSourcesBuildPhase section */

/* Begin PBXVariantGroup section */
		CAA9B0582368C61000B6016C /* Main.storyboard */ = {
			isa = PBXVariantGroup;
			children = (
				CAA9B0592368C61000B6016C /* Base */,
			);
			name = Main.storyboard;
			sourceTree = "<group>";
		};
		CAA9B0602368C61100B6016C /* LaunchScreen.storyboard */ = {
			isa = PBXVariantGroup;
			children = (
				CAA9B0612368C61100B6016C /* Base */,
			);
			name = LaunchScreen.storyboard;
			sourceTree = "<group>";
		};
/* End PBXVariantGroup section */

/* Begin XCBuildConfiguration section */
		CAA9B0642368C61100B6016C /* Debug */ = {
			isa = XCBuildConfiguration;
			buildSettings = {
				ALWAYS_SEARCH_USER_PATHS = NO;
				CLANG_ANALYZER_NONNULL = YES;
				CLANG_ANALYZER_NUMBER_OBJECT_CONVERSION = YES_AGGRESSIVE;
				CLANG_CXX_LANGUAGE_STANDARD = "gnu++14";
				CLANG_CXX_LIBRARY = "libc++";
				CLANG_ENABLE_MODULES = YES;
				CLANG_ENABLE_OBJC_ARC = YES;
				CLANG_ENABLE_OBJC_WEAK = YES;
				CLANG_WARN_BLOCK_CAPTURE_AUTORELEASING = YES;
				CLANG_WARN_BOOL_CONVERSION = YES;
				CLANG_WARN_COMMA = YES;
				CLANG_WARN_CONSTANT_CONVERSION = YES;
				CLANG_WARN_DEPRECATED_OBJC_IMPLEMENTATIONS = YES;
				CLANG_WARN_DIRECT_OBJC_ISA_USAGE = YES_ERROR;
				CLANG_WARN_DOCUMENTATION_COMMENTS = YES;
				CLANG_WARN_EMPTY_BODY = YES;
				CLANG_WARN_ENUM_CONVERSION = YES;
				CLANG_WARN_INFINITE_RECURSION = YES;
				CLANG_WARN_INT_CONVERSION = YES;
				CLANG_WARN_NON_LITERAL_NULL_CONVERSION = YES;
				CLANG_WARN_OBJC_IMPLICIT_RETAIN_SELF = YES;
				CLANG_WARN_OBJC_LITERAL_CONVERSION = YES;
				CLANG_WARN_OBJC_ROOT_CLASS = YES_ERROR;
				CLANG_WARN_RANGE_LOOP_ANALYSIS = YES;
				CLANG_WARN_STRICT_PROTOTYPES = YES;
				CLANG_WARN_SUSPICIOUS_MOVE = YES;
				CLANG_WARN_UNGUARDED_AVAILABILITY = YES_AGGRESSIVE;
				CLANG_WARN_UNREACHABLE_CODE = YES;
				CLANG_WARN__DUPLICATE_METHOD_MATCH = YES;
				CODE_SIGN_IDENTITY = "iPhone Developer";
				COPY_PHASE_STRIP = NO;
				DEBUG_INFORMATION_FORMAT = dwarf;
				ENABLE_STRICT_OBJC_MSGSEND = YES;
				ENABLE_TESTABILITY = YES;
				GCC_C_LANGUAGE_STANDARD = gnu11;
				GCC_DYNAMIC_NO_PIC = NO;
				GCC_NO_COMMON_BLOCKS = YES;
				GCC_OPTIMIZATION_LEVEL = 0;
				GCC_PREPROCESSOR_DEFINITIONS = (
					"DEBUG=1",
					"$(inherited)",
				);
				GCC_WARN_64_TO_32_BIT_CONVERSION = YES;
				GCC_WARN_ABOUT_RETURN_TYPE = YES_ERROR;
				GCC_WARN_UNDECLARED_SELECTOR = YES;
				GCC_WARN_UNINITIALIZED_AUTOS = YES_AGGRESSIVE;
				GCC_WARN_UNUSED_FUNCTION = YES;
				GCC_WARN_UNUSED_VARIABLE = YES;
				IPHONEOS_DEPLOYMENT_TARGET = 12.4;
				MTL_ENABLE_DEBUG_INFO = INCLUDE_SOURCE;
				MTL_FAST_MATH = YES;
				ONLY_ACTIVE_ARCH = YES;
				SDKROOT = iphoneos;
				SWIFT_ACTIVE_COMPILATION_CONDITIONS = DEBUG;
				SWIFT_OPTIMIZATION_LEVEL = "-Onone";
			};
			name = Debug;
		};
		CAA9B0652368C61100B6016C /* Release */ = {
			isa = XCBuildConfiguration;
			buildSettings = {
				ALWAYS_SEARCH_USER_PATHS = NO;
				CLANG_ANALYZER_NONNULL = YES;
				CLANG_ANALYZER_NUMBER_OBJECT_CONVERSION = YES_AGGRESSIVE;
				CLANG_CXX_LANGUAGE_STANDARD = "gnu++14";
				CLANG_CXX_LIBRARY = "libc++";
				CLANG_ENABLE_MODULES = YES;
				CLANG_ENABLE_OBJC_ARC = YES;
				CLANG_ENABLE_OBJC_WEAK = YES;
				CLANG_WARN_BLOCK_CAPTURE_AUTORELEASING = YES;
				CLANG_WARN_BOOL_CONVERSION = YES;
				CLANG_WARN_COMMA = YES;
				CLANG_WARN_CONSTANT_CONVERSION = YES;
				CLANG_WARN_DEPRECATED_OBJC_IMPLEMENTATIONS = YES;
				CLANG_WARN_DIRECT_OBJC_ISA_USAGE = YES_ERROR;
				CLANG_WARN_DOCUMENTATION_COMMENTS = YES;
				CLANG_WARN_EMPTY_BODY = YES;
				CLANG_WARN_ENUM_CONVERSION = YES;
				CLANG_WARN_INFINITE_RECURSION = YES;
				CLANG_WARN_INT_CONVERSION = YES;
				CLANG_WARN_NON_LITERAL_NULL_CONVERSION = YES;
				CLANG_WARN_OBJC_IMPLICIT_RETAIN_SELF = YES;
				CLANG_WARN_OBJC_LITERAL_CONVERSION = YES;
				CLANG_WARN_OBJC_ROOT_CLASS = YES_ERROR;
				CLANG_WARN_RANGE_LOOP_ANALYSIS = YES;
				CLANG_WARN_STRICT_PROTOTYPES = YES;
				CLANG_WARN_SUSPICIOUS_MOVE = YES;
				CLANG_WARN_UNGUARDED_AVAILABILITY = YES_AGGRESSIVE;
				CLANG_WARN_UNREACHABLE_CODE = YES;
				CLANG_WARN__DUPLICATE_METHOD_MATCH = YES;
				CODE_SIGN_IDENTITY = "iPhone Developer";
				COPY_PHASE_STRIP = NO;
				DEBUG_INFORMATION_FORMAT = "dwarf-with-dsym";
				ENABLE_NS_ASSERTIONS = NO;
				ENABLE_STRICT_OBJC_MSGSEND = YES;
				GCC_C_LANGUAGE_STANDARD = gnu11;
				GCC_NO_COMMON_BLOCKS = YES;
				GCC_WARN_64_TO_32_BIT_CONVERSION = YES;
				GCC_WARN_ABOUT_RETURN_TYPE = YES_ERROR;
				GCC_WARN_UNDECLARED_SELECTOR = YES;
				GCC_WARN_UNINITIALIZED_AUTOS = YES_AGGRESSIVE;
				GCC_WARN_UNUSED_FUNCTION = YES;
				GCC_WARN_UNUSED_VARIABLE = YES;
				IPHONEOS_DEPLOYMENT_TARGET = 12.4;
				MTL_ENABLE_DEBUG_INFO = NO;
				MTL_FAST_MATH = YES;
				SDKROOT = iphoneos;
				SWIFT_COMPILATION_MODE = wholemodule;
				SWIFT_OPTIMIZATION_LEVEL = "-O";
				VALIDATE_PRODUCT = YES;
			};
			name = Release;
		};
		CAA9B0672368C61100B6016C /* Debug */ = {
			isa = XCBuildConfiguration;
			buildSettings = {
				ASSETCATALOG_COMPILER_APPICON_NAME = AppIcon;
				CODE_SIGN_STYLE = Automatic;
				DEVELOPMENT_TEAM = 6Y824SG78Q;
				INFOPLIST_FILE = "you-say!/Info.plist";
				LD_RUNPATH_SEARCH_PATHS = (
					"$(inherited)",
					"@executable_path/Frameworks",
				);
				PRODUCT_BUNDLE_IDENTIFIER = "mx.ibero.you-say-";
				PRODUCT_NAME = "$(TARGET_NAME)";
				SWIFT_VERSION = 5.0;
				TARGETED_DEVICE_FAMILY = 1;
			};
			name = Debug;
		};
		CAA9B0682368C61100B6016C /* Release */ = {
			isa = XCBuildConfiguration;
			buildSettings = {
				ASSETCATALOG_COMPILER_APPICON_NAME = AppIcon;
				CODE_SIGN_STYLE = Automatic;
				DEVELOPMENT_TEAM = 6Y824SG78Q;
				INFOPLIST_FILE = "you-say!/Info.plist";
				LD_RUNPATH_SEARCH_PATHS = (
					"$(inherited)",
					"@executable_path/Frameworks",
				);
				PRODUCT_BUNDLE_IDENTIFIER = "mx.ibero.you-say-";
				PRODUCT_NAME = "$(TARGET_NAME)";
				SWIFT_VERSION = 5.0;
				TARGETED_DEVICE_FAMILY = 1;
			};
			name = Release;
		};
/* End XCBuildConfiguration section */

/* Begin XCConfigurationList section */
		CAA9B04C2368C61000B6016C /* Build configuration list for PBXProject "you-say!" */ = {
			isa = XCConfigurationList;
			buildConfigurations = (
				CAA9B0642368C61100B6016C /* Debug */,
				CAA9B0652368C61100B6016C /* Release */,
			);
			defaultConfigurationIsVisible = 0;
			defaultConfigurationName = Release;
		};
		CAA9B0662368C61100B6016C /* Build configuration list for PBXNativeTarget "you-say!" */ = {
			isa = XCConfigurationList;
			buildConfigurations = (
				CAA9B0672368C61100B6016C /* Debug */,
				CAA9B0682368C61100B6016C /* Release */,
			);
			defaultConfigurationIsVisible = 0;
			defaultConfigurationName = Release;
		};
/* End XCConfigurationList section */

/* Begin XCVersionGroup section */
		CAA9B05B2368C61000B6016C /* you_say.xcdatamodeld */ = {
			isa = XCVersionGroup;
			children = (
				CAA9B05C2368C61000B6016C /* you_say_.xcdatamodel */,
			);
			currentVersion = CAA9B05C2368C61000B6016C /* you_say_.xcdatamodel */;
			path = you_say.xcdatamodeld;
			sourceTree = "<group>";
			versionGroupType = wrapper.xcdatamodel;
		};
/* End XCVersionGroup section */
	};
	rootObject = CAA9B0492368C61000B6016C /* Project object */;
}
